%{"chronos": {:package, "0.3.2"},
  "hoedown": {:git, "git://github.com/hoedown/hoedown.git", "0610117f44b173a4e2112afb2f510156a32355b5", []},
  "markdown": {:git, "git://github.com/devinus/markdown.git", "0345e2044ba71780ba02b2591f1017703d0fa148", []},
  "yamerl": {:git, "git://github.com/yakaz/yamerl.git", "e087f5737425fd64cd2deb10e2b5e8f136f6034c", []}}
